
Microsoft Visual Studio Solution File, Format Version 12.00
# Visual Studio Version 16
VisualStudioVersion = 16.0.29009.5
MinimumVisualStudioVersion = 10.0.40219.1
Project("{2150E333-8FDC-42A3-9474-1A3956D46DE8}") = "Src", "Src", "{AF1D7412-FBBF-4D5D-995A-0C8E328DAFCF}"
EndProject
Project("{2150E333-8FDC-42A3-9474-1A3956D46DE8}") = "Test", "Test", "{5050B8C7-BC22-4F22-985F-C9040DCBD3EC}"
EndProject
Project("{9A19103F-16F7-4668-BE54-9A1E7A4F7556}") = "Jawla.API", "Src\Jawla.API\Jawla.API.csproj", "{13764B0A-91F4-4F6F-8AB5-382BA4E0EF29}"
EndProject
Project("{9A19103F-16F7-4668-BE54-9A1E7A4F7556}") = "Jawla.DAL", "Src\Jawla.DAL\Jawla.DAL.csproj", "{71BCC9FD-A2C7-437C-ABE6-18FCCDD0F17D}"
EndProject
Project("{9A19103F-16F7-4668-BE54-9A1E7A4F7556}") = "Jawla.BLL", "Src\Jawla.BLL\Jawla.BLL.csproj", "{6D0AD840-56A9-4F62-AE02-009E8A202E48}"
EndProject
Project("{9A19103F-16F7-4668-BE54-9A1E7A4F7556}") = "Jawla.Domain", "Src\Jawla.Domain\Jawla.Domain.csproj", "{EED4BBC8-DCC7-44D6-82F5-EB77DB7EBDBE}"
EndProject
Project("{9A19103F-16F7-4668-BE54-9A1E7A4F7556}") = "Jawla.Web", "Src\Jawla.Web\Jawla.Web.csproj", "{D1863E39-3AAC-4E24-B70B-43F58CD3A742}"
EndProject
Project("{9A19103F-16F7-4668-BE54-9A1E7A4F7556}") = "Jawla.API.Test", "Test\Jawla.API.Test\Jawla.API.Test.csproj", "{CE7BA9D5-F814-4D89-BE9A-F7D97A15A239}"
EndProject
Project("{9A19103F-16F7-4668-BE54-9A1E7A4F7556}") = "Jawla.DAL.Test", "Test\Jawla.DAL.Test\Jawla.DAL.Test.csproj", "{CE0FD6E8-AE9B-4558-840D-0F8EE2B33A22}"
EndProject
Project("{FAE04EC0-301F-11D3-BF4B-00C04F79EFBC}") = "Jawla.Core", "Src\Jawla.Core\Jawla.Core.csproj", "{4E57F5D3-9757-43D9-B132-A122E7B4CB54}"
EndProject
Global
	GlobalSection(SolutionConfigurationPlatforms) = preSolution
		Debug|Any CPU = Debug|Any CPU
		Release|Any CPU = Release|Any CPU
	EndGlobalSection
	GlobalSection(ProjectConfigurationPlatforms) = postSolution
		{13764B0A-91F4-4F6F-8AB5-382BA4E0EF29}.Debug|Any CPU.ActiveCfg = Debug|Any CPU
		{13764B0A-91F4-4F6F-8AB5-382BA4E0EF29}.Debug|Any CPU.Build.0 = Debug|Any CPU
		{13764B0A-91F4-4F6F-8AB5-382BA4E0EF29}.Release|Any CPU.ActiveCfg = Release|Any CPU
		{13764B0A-91F4-4F6F-8AB5-382BA4E0EF29}.Release|Any CPU.Build.0 = Release|Any CPU
		{71BCC9FD-A2C7-437C-ABE6-18FCCDD0F17D}.Debug|Any CPU.ActiveCfg = Debug|Any CPU
		{71BCC9FD-A2C7-437C-ABE6-18FCCDD0F17D}.Debug|Any CPU.Build.0 = Debug|Any CPU
		{71BCC9FD-A2C7-437C-ABE6-18FCCDD0F17D}.Release|Any CPU.ActiveCfg = Release|Any CPU
		{71BCC9FD-A2C7-437C-ABE6-18FCCDD0F17D}.Release|Any CPU.Build.0 = Release|Any CPU
		{6D0AD840-56A9-4F62-AE02-009E8A202E48}.Debug|Any CPU.ActiveCfg = Debug|Any CPU
		{6D0AD840-56A9-4F62-AE02-009E8A202E48}.Debug|Any CPU.Build.0 = Debug|Any CPU
		{6D0AD840-56A9-4F62-AE02-009E8A202E48}.Release|Any CPU.ActiveCfg = Release|Any CPU
		{6D0AD840-56A9-4F62-AE02-009E8A202E48}.Release|Any CPU.Build.0 = Release|Any CPU
		{EED4BBC8-DCC7-44D6-82F5-EB77DB7EBDBE}.Debug|Any CPU.ActiveCfg = Debug|Any CPU
		{EED4BBC8-DCC7-44D6-82F5-EB77DB7EBDBE}.Debug|Any CPU.Build.0 = Debug|Any CPU
		{EED4BBC8-DCC7-44D6-82F5-EB77DB7EBDBE}.Release|Any CPU.ActiveCfg = Release|Any CPU
		{EED4BBC8-DCC7-44D6-82F5-EB77DB7EBDBE}.Release|Any CPU.Build.0 = Release|Any CPU
		{D1863E39-3AAC-4E24-B70B-43F58CD3A742}.Debug|Any CPU.ActiveCfg = Debug|Any CPU
		{D1863E39-3AAC-4E24-B70B-43F58CD3A742}.Debug|Any CPU.Build.0 = Debug|Any CPU
		{D1863E39-3AAC-4E24-B70B-43F58CD3A742}.Release|Any CPU.ActiveCfg = Release|Any CPU
		{D1863E39-3AAC-4E24-B70B-43F58CD3A742}.Release|Any CPU.Build.0 = Release|Any CPU
		{CE7BA9D5-F814-4D89-BE9A-F7D97A15A239}.Debug|Any CPU.ActiveCfg = Debug|Any CPU
		{CE7BA9D5-F814-4D89-BE9A-F7D97A15A239}.Debug|Any CPU.Build.0 = Debug|Any CPU
		{CE7BA9D5-F814-4D89-BE9A-F7D97A15A239}.Release|Any CPU.ActiveCfg = Release|Any CPU
		{CE7BA9D5-F814-4D89-BE9A-F7D97A15A239}.Release|Any CPU.Build.0 = Release|Any CPU
		{CE0FD6E8-AE9B-4558-840D-0F8EE2B33A22}.Debug|Any CPU.ActiveCfg = Debug|Any CPU
		{CE0FD6E8-AE9B-4558-840D-0F8EE2B33A22}.Debug|Any CPU.Build.0 = Debug|Any CPU
		{CE0FD6E8-AE9B-4558-840D-0F8EE2B33A22}.Release|Any CPU.ActiveCfg = Release|Any CPU
		{CE0FD6E8-AE9B-4558-840D-0F8EE2B33A22}.Release|Any CPU.Build.0 = Release|Any CPU
		{4E57F5D3-9757-43D9-B132-A122E7B4CB54}.Debug|Any CPU.ActiveCfg = Debug|Any CPU
		{4E57F5D3-9757-43D9-B132-A122E7B4CB54}.Debug|Any CPU.Build.0 = Debug|Any CPU
		{4E57F5D3-9757-43D9-B132-A122E7B4CB54}.Release|Any CPU.ActiveCfg = Release|Any CPU
		{4E57F5D3-9757-43D9-B132-A122E7B4CB54}.Release|Any CPU.Build.0 = Release|Any CPU
	EndGlobalSection
	GlobalSection(SolutionProperties) = preSolution
		HideSolutionNode = FALSE
	EndGlobalSection
	GlobalSection(NestedProjects) = preSolution
		{13764B0A-91F4-4F6F-8AB5-382BA4E0EF29} = {AF1D7412-FBBF-4D5D-995A-0C8E328DAFCF}
		{71BCC9FD-A2C7-437C-ABE6-18FCCDD0F17D} = {AF1D7412-FBBF-4D5D-995A-0C8E328DAFCF}
		{6D0AD840-56A9-4F62-AE02-009E8A202E48} = {AF1D7412-FBBF-4D5D-995A-0C8E328DAFCF}
		{EED4BBC8-DCC7-44D6-82F5-EB77DB7EBDBE} = {AF1D7412-FBBF-4D5D-995A-0C8E328DAFCF}
		{D1863E39-3AAC-4E24-B70B-43F58CD3A742} = {AF1D7412-FBBF-4D5D-995A-0C8E328DAFCF}
		{CE7BA9D5-F814-4D89-BE9A-F7D97A15A239} = {5050B8C7-BC22-4F22-985F-C9040DCBD3EC}
		{CE0FD6E8-AE9B-4558-840D-0F8EE2B33A22} = {5050B8C7-BC22-4F22-985F-C9040DCBD3EC}
		{4E57F5D3-9757-43D9-B132-A122E7B4CB54} = {AF1D7412-FBBF-4D5D-995A-0C8E328DAFCF}
	EndGlobalSection
	GlobalSection(ExtensibilityGlobals) = postSolution
		SolutionGuid = {7895CD44-505F-48F1-A4FD-552E2988243C}
	EndGlobalSection
EndGlobal
